{
    "version": 3,
    "terraform_version": "0.11.2",
    "serial": 2,
    "lineage": "c0005a2a-40a3-4631-a71a-2745b63e7bd5",
    "modules": [
        {
            "path": [
                "root"
            ],
            "outputs": {},
            "resources": {
                "aws_instance.test-vm": {
                    "type": "aws_instance",
                    "depends_on": [],
                    "primary": {
                        "id": "i-001f33048120cee91",
                        "attributes": {
                            "ami": "ami-a4c7edb2",
                            "associate_public_ip_address": "true",
                            "availability_zone": "us-east-1b",
                            "disable_api_termination": "false",
                            "ebs_block_device.#": "0",
                            "ebs_optimized": "false",
                            "ephemeral_block_device.#": "0",
                            "iam_instance_profile": "",
                            "id": "i-001f33048120cee91",
                            "instance_state": "running",
                            "instance_type": "t2.micro",
                            "ipv6_addresses.#": "0",
                            "key_name": "",
                            "monitoring": "false",
                            "network_interface.#": "0",
                            "network_interface_id": "eni-26df00ec",
                            "placement_group": "",
                            "primary_network_interface_id": "eni-26df00ec",
                            "private_dns": "ip-172-31-95-240.ec2.internal",
                            "private_ip": "172.31.95.240",
                            "public_dns": "ec2-54-173-221-254.compute-1.amazonaws.com",
                            "public_ip": "54.173.221.254",
                            "root_block_device.#": "1",
                            "root_block_device.0.delete_on_termination": "true",
                            "root_block_device.0.iops": "100",
                            "root_block_device.0.volume_id": "vol-0cc786efd1a91e416",
                            "root_block_device.0.volume_size": "8",
                            "root_block_device.0.volume_type": "gp2",
                            "security_groups.#": "1",
                            "security_groups.3814588639": "default",
                            "source_dest_check": "true",
                            "subnet_id": "subnet-ea58a0c5",
                            "tags.%": "1",
                            "tags.Name": "test-vm",
                            "tenancy": "default",
                            "volume_tags.%": "0",
                            "vpc_security_group_ids.#": "0"
                        },
                        "meta": {
                            "e2bfb730-ecaa-11e6-8f88-34363bc7c4c0": {
                                "create": 600000000000,
                                "delete": 600000000000,
                                "update": 600000000000
                            },
                            "schema_version": "1"
                        },
                        "tainted": false
                    },
                    "deposed": [],
                    "provider": "provider.aws"
                }
            },
            "depends_on": []
        }
    ]
}
